
Microsoft Visual Studio Solution File, Format Version 12.00
# Visual Studio Version 17
VisualStudioVersion = 17.5.33627.172
MinimumVisualStudioVersion = 10.0.40219.1
Project("{FAE04EC0-301F-11D3-BF4B-00C04F79EFBC}") = "GrpcServiceStaff", "GrpcServiceStaff\GrpcServiceStaff.csproj", "{3F9C2C22-CD94-42D0-B5A8-FAFE15C031E0}"
EndProject
Project("{FAE04EC0-301F-11D3-BF4B-00C04F79EFBC}") = "ClientStaff", "ClientStaff\ClientStaff.csproj", "{EF9C1B2A-14A5-43F4-B0FB-13358C11950B}"
EndProject
Project("{FAE04EC0-301F-11D3-BF4B-00C04F79EFBC}") = "Common", "Common\Common.csproj", "{ED004587-505F-4FEC-BACB-DD1EA28746E8}"
EndProject
Global
	GlobalSection(SolutionConfigurationPlatforms) = preSolution
		Debug|Any CPU = Debug|Any CPU
		Release|Any CPU = Release|Any CPU
	EndGlobalSection
	GlobalSection(ProjectConfigurationPlatforms) = postSolution
		{3F9C2C22-CD94-42D0-B5A8-FAFE15C031E0}.Debug|Any CPU.ActiveCfg = Debug|Any CPU
		{3F9C2C22-CD94-42D0-B5A8-FAFE15C031E0}.Debug|Any CPU.Build.0 = Debug|Any CPU
		{3F9C2C22-CD94-42D0-B5A8-FAFE15C031E0}.Release|Any CPU.ActiveCfg = Release|Any CPU
		{3F9C2C22-CD94-42D0-B5A8-FAFE15C031E0}.Release|Any CPU.Build.0 = Release|Any CPU
		{EF9C1B2A-14A5-43F4-B0FB-13358C11950B}.Debug|Any CPU.ActiveCfg = Debug|Any CPU
		{EF9C1B2A-14A5-43F4-B0FB-13358C11950B}.Debug|Any CPU.Build.0 = Debug|Any CPU
		{EF9C1B2A-14A5-43F4-B0FB-13358C11950B}.Release|Any CPU.ActiveCfg = Release|Any CPU
		{EF9C1B2A-14A5-43F4-B0FB-13358C11950B}.Release|Any CPU.Build.0 = Release|Any CPU
		{ED004587-505F-4FEC-BACB-DD1EA28746E8}.Debug|Any CPU.ActiveCfg = Debug|Any CPU
		{ED004587-505F-4FEC-BACB-DD1EA28746E8}.Debug|Any CPU.Build.0 = Debug|Any CPU
		{ED004587-505F-4FEC-BACB-DD1EA28746E8}.Release|Any CPU.ActiveCfg = Release|Any CPU
		{ED004587-505F-4FEC-BACB-DD1EA28746E8}.Release|Any CPU.Build.0 = Release|Any CPU
	EndGlobalSection
	GlobalSection(SolutionProperties) = preSolution
		HideSolutionNode = FALSE
	EndGlobalSection
	GlobalSection(ExtensibilityGlobals) = postSolution
		SolutionGuid = {C52E196E-1408-463A-8ACC-12A1637D8718}
	EndGlobalSection
EndGlobal
